{
  "name": "tron-permit2",
  "version": "3.0.0",
  "lockfileVersion": 3,
  "requires": true,
  "packages": {
    "": {
      "name": "tron-permit2",
      "version": "3.0.0",
      "license": "MIT",
      "dependencies": {
        "@alexroan/permit2-tron": "^0.0.5",
        "@openzeppelin/contracts": "5.5.0",
        "picocolors": "1.1.1"
      }
    },
    "node_modules/@alexroan/permit2-tron": {
      "version": "0.0.5",
      "resolved": "https://registry.npmjs.org/@alexroan/permit2-tron/-/permit2-tron-0.0.5.tgz",
      "integrity": "sha512-KkLp2240C7KiuiFio7J08REGdmRvFD32PMODq0QKTFcxJXJ832LCIFyQns/Y4feUir/N9k5oLGsxaNJcwfFZtw==",
      "license": "MIT",
      "dependencies": {
        "@openzeppelin/contracts": "4.7.0",
        "solmate": "6.8.0"
      },
      "engines": {
        "node": ">=20.0.0"
      }
    },
    "node_modules/@alexroan/permit2-tron/node_modules/@openzeppelin/contracts": {
      "version": "4.7.0",
      "resolved": "https://registry.npmjs.org/@openzeppelin/contracts/-/contracts-4.7.0.tgz",
      "integrity": "sha512-52Qb+A1DdOss8QvJrijYYPSf32GUg2pGaG/yCxtaA3cu4jduouTdg4XZSMLW9op54m1jH7J8hoajhHKOPsoJFw==",
      "license": "MIT"
    },
    "node_modules/@openzeppelin/contracts": {
      "version": "5.5.0",
      "resolved": "https://registry.npmjs.org/@openzeppelin/contracts/-/contracts-5.5.0.tgz",
      "integrity": "sha512-R8hq4zmKKWP2c7OxeRgAcjZwvF5W0Qq2OIX7degrtdM52Q9xYr4MLJdUAVPKGUewNJ1qo+M6YiZLLnNUnjP/gg==",
      "license": "MIT"
    },
    "node_modules/picocolors": {
      "version": "1.1.1",
      "resolved": "https://registry.npmjs.org/picocolors/-/picocolors-1.1.1.tgz",
      "integrity": "sha512-xceH2snhtb5M9liqDsmEw56le376mTZkEX/jEb/RxNFyegNul7eNslCXP9FDj/Lcu0X8KEyMceP2ntpaHrDEVA==",
      "license": "ISC"
    },
    "node_modules/solmate": {
      "version": "6.8.0",
      "resolved": "https://registry.npmjs.org/solmate/-/solmate-6.8.0.tgz",
      "integrity": "sha512-/oI8kgEvSxGG1mrFv3FmCEZd0F8Z9VzRmoYMIhzmmzt6mjtPwfdCm3oh8yOL7bMHJBSfXJuMpnMPrM0uyaKsKg==",
      "license": "AGPL-3.0-only"
    }
  }
}
